github.com/console-dns/client v0.0.0-20250418010739-6423a12c9e6b h1:U2XQh3gNypQLMc6yf/kEcrrARe1M9f1tWSZnWrx8w+8=
github.com/console-dns/client v0.0.0-20250418010739-6423a12c9e6b/go.mod h1:G7Q8ByALTuquYv+QnN9xjzK+hBvuckDEg38sBjuxsz0=
github.com/console-dns/spec v0.0.0-20250418005945-f47634741013 h1:ss5q7dzhwid8B4WXs51nw3xP3FjV3ApofUmS8Jw4Bpk=
github.com/console-dns/spec v0.0.0-20250418005945-f47634741013/go.mod h1:e2TLp3xJYgHogmQk2FRsmh/rwq1KCN0V29yVNOY7ASk=
github.com/libdns/libdns v0.2.2 h1:O6ws7bAfRPaBsgAYt8MDe2HcNBGC29hkZ9MX2eUSX3s=
github.com/libdns/libdns v0.2.2/go.mod h1:4Bj9+5CQiNMVGf87wjX4CY3HQJypUHRuLvlsfsZqLWQ=
github.com/pkg/errors v0.9.1 h1:FEBLx1zS214owpjy7qsBeixbURkuhQAwrK5UwLGTwt4=
github.com/pkg/errors v0.9.1/go.mod h1:bwawxfHBFNV+L2hUp1rHADufV3IMtnDRdf1r5NINEl0=
